
Microsoft Visual Studio Solution File, Format Version 12.00
# Visual Studio Version 16
VisualStudioVersion = 16.0.31729.503
MinimumVisualStudioVersion = 10.0.40219.1
Project("{FAE04EC0-301F-11D3-BF4B-00C04F79EFBC}") = "8Queens", "8Queens\8Queens.csproj", "{060A1F5E-0DCC-4992-B6D7-8E7CF6F675E5}"
EndProject
Global
	GlobalSection(SolutionConfigurationPlatforms) = preSolution
		Debug|Any CPU = Debug|Any CPU
		Release|Any CPU = Release|Any CPU
	EndGlobalSection
	GlobalSection(ProjectConfigurationPlatforms) = postSolution
		{060A1F5E-0DCC-4992-B6D7-8E7CF6F675E5}.Debug|Any CPU.ActiveCfg = Debug|Any CPU
		{060A1F5E-0DCC-4992-B6D7-8E7CF6F675E5}.Debug|Any CPU.Build.0 = Debug|Any CPU
		{060A1F5E-0DCC-4992-B6D7-8E7CF6F675E5}.Release|Any CPU.ActiveCfg = Release|Any CPU
		{060A1F5E-0DCC-4992-B6D7-8E7CF6F675E5}.Release|Any CPU.Build.0 = Release|Any CPU
	EndGlobalSection
	GlobalSection(SolutionProperties) = preSolution
		HideSolutionNode = FALSE
	EndGlobalSection
	GlobalSection(ExtensibilityGlobals) = postSolution
		SolutionGuid = {EDF96FB1-1C8C-4670-9B51-D028C823CC73}
	EndGlobalSection
EndGlobal
